
Microsoft Visual Studio Solution File, Format Version 12.00
# Visual Studio 15
VisualStudioVersion = 15.0.27130.2027
MinimumVisualStudioVersion = 10.0.40219.1
Project("{FAE04EC0-301F-11D3-BF4B-00C04F79EFBC}") = "Thursday", "Thursday\Thursday.csproj", "{AA0AB896-272B-44E1-B241-808C7D75685A}"
EndProject
Global
	GlobalSection(SolutionConfigurationPlatforms) = preSolution
		Debug|Any CPU = Debug|Any CPU
		Release|Any CPU = Release|Any CPU
	EndGlobalSection
	GlobalSection(ProjectConfigurationPlatforms) = postSolution
		{AA0AB896-272B-44E1-B241-808C7D75685A}.Debug|Any CPU.ActiveCfg = Debug|Any CPU
		{AA0AB896-272B-44E1-B241-808C7D75685A}.Debug|Any CPU.Build.0 = Debug|Any CPU
		{AA0AB896-272B-44E1-B241-808C7D75685A}.Release|Any CPU.ActiveCfg = Release|Any CPU
		{AA0AB896-272B-44E1-B241-808C7D75685A}.Release|Any CPU.Build.0 = Release|Any CPU
	EndGlobalSection
	GlobalSection(SolutionProperties) = preSolution
		HideSolutionNode = FALSE
	EndGlobalSection
	GlobalSection(ExtensibilityGlobals) = postSolution
		SolutionGuid = {88B9B414-775F-4678-8598-ED5E0E253E6D}
	EndGlobalSection
EndGlobal
