
Microsoft Visual Studio Solution File, Format Version 12.00
# Visual Studio 15
VisualStudioVersion = 15.0.27130.2027
MinimumVisualStudioVersion = 10.0.40219.1
Project("{FAE04EC0-301F-11D3-BF4B-00C04F79EFBC}") = "Monday 2-12-2018", "Monday 2-12-2018\Monday 2-12-2018.csproj", "{C4E32E83-CDD2-49A4-95EC-4B82EC007A05}"
EndProject
Global
	GlobalSection(SolutionConfigurationPlatforms) = preSolution
		Debug|Any CPU = Debug|Any CPU
		Release|Any CPU = Release|Any CPU
	EndGlobalSection
	GlobalSection(ProjectConfigurationPlatforms) = postSolution
		{C4E32E83-CDD2-49A4-95EC-4B82EC007A05}.Debug|Any CPU.ActiveCfg = Debug|Any CPU
		{C4E32E83-CDD2-49A4-95EC-4B82EC007A05}.Debug|Any CPU.Build.0 = Debug|Any CPU
		{C4E32E83-CDD2-49A4-95EC-4B82EC007A05}.Release|Any CPU.ActiveCfg = Release|Any CPU
		{C4E32E83-CDD2-49A4-95EC-4B82EC007A05}.Release|Any CPU.Build.0 = Release|Any CPU
	EndGlobalSection
	GlobalSection(SolutionProperties) = preSolution
		HideSolutionNode = FALSE
	EndGlobalSection
	GlobalSection(ExtensibilityGlobals) = postSolution
		SolutionGuid = {282DA3D5-C0C1-4A2A-9C7F-752008B446BE}
	EndGlobalSection
EndGlobal
